
Microsoft Visual Studio Solution File, Format Version 12.00
# Visual Studio Version 17
VisualStudioVersion = 17.5.33516.290
MinimumVisualStudioVersion = 10.0.40219.1
Project("{8BC9CEB8-8B4A-11D0-8D11-00A0C91BC942}") = "SP project", "SP project\SP project.vcxproj", "{670944CE-DFF3-4A9C-B631-A66B63E70C1E}"
EndProject
Global
	GlobalSection(SolutionConfigurationPlatforms) = preSolution
		Debug|x64 = Debug|x64
		Debug|x86 = Debug|x86
		Release|x64 = Release|x64
		Release|x86 = Release|x86
	EndGlobalSection
	GlobalSection(ProjectConfigurationPlatforms) = postSolution
		{670944CE-DFF3-4A9C-B631-A66B63E70C1E}.Debug|x64.ActiveCfg = Debug|x64
		{670944CE-DFF3-4A9C-B631-A66B63E70C1E}.Debug|x64.Build.0 = Debug|x64
		{670944CE-DFF3-4A9C-B631-A66B63E70C1E}.Debug|x86.ActiveCfg = Debug|Win32
		{670944CE-DFF3-4A9C-B631-A66B63E70C1E}.Debug|x86.Build.0 = Debug|Win32
		{670944CE-DFF3-4A9C-B631-A66B63E70C1E}.Release|x64.ActiveCfg = Release|x64
		{670944CE-DFF3-4A9C-B631-A66B63E70C1E}.Release|x64.Build.0 = Release|x64
		{670944CE-DFF3-4A9C-B631-A66B63E70C1E}.Release|x86.ActiveCfg = Release|Win32
		{670944CE-DFF3-4A9C-B631-A66B63E70C1E}.Release|x86.Build.0 = Release|Win32
	EndGlobalSection
	GlobalSection(SolutionProperties) = preSolution
		HideSolutionNode = FALSE
	EndGlobalSection
	GlobalSection(ExtensibilityGlobals) = postSolution
		SolutionGuid = {6EF2DA44-3761-4543-B947-96F318B9FBCA}
	EndGlobalSection
EndGlobal
